{
  "version": "3",
  "packages": {
    "specifiers": {
      "npm:reflect-metadata": "npm:reflect-metadata@0.2.2",
      "npm:zod": "npm:zod@3.23.8"
    },
    "npm": {
      "reflect-metadata@0.2.2": {
        "integrity": "sha512-urBwgfrvVP/eAyXx4hluJivBKzuEbSQs9rKWCrCkbSxNv8mxPcUZKeuoF3Uy4mJl3Lwprp6yy5/39VWigZ4K6Q==",
        "dependencies": {}
      },
      "zod@3.23.8": {
        "integrity": "sha512-XBx9AXhXktjUqnepgTiE5flcKIYWi/rme0Eaj+5Y0lftuGBq+jyRu/md4WnuxqgP1ubdpNCsYEYPxrzVHD8d6g==",
        "dependencies": {}
      }
    }
  },
  "remote": {}
}
